// !$*UTF8*$!
{
	archiveVersion = 1;
	classes = {
	};
	objectVersion = 51;
	objects = {

/* Begin PBXBuildFile section */
		571B7451E3F83D88817C8D86 /* Pods_DiabetApp.framework in Frameworks */ = {isa = PBXBuildFile; fileRef = FE66A95451F486192FA11D62 /* Pods_DiabetApp.framework */; };
		D051E48925FF9ED200D05DDE /* AppDelegate.swift in Sources */ = {isa = PBXBuildFile; fileRef = D051E48825FF9ED200D05DDE /* AppDelegate.swift */; };
		D051E48B25FF9ED200D05DDE /* SceneDelegate.swift in Sources */ = {isa = PBXBuildFile; fileRef = D051E48A25FF9ED200D05DDE /* SceneDelegate.swift */; };
		D051E48D25FF9ED200D05DDE /* ViewController.swift in Sources */ = {isa = PBXBuildFile; fileRef = D051E48C25FF9ED200D05DDE /* ViewController.swift */; };
		D051E49025FF9ED200D05DDE /* Main.storyboard in Resources */ = {isa = PBXBuildFile; fileRef = D051E48E25FF9ED200D05DDE /* Main.storyboard */; };
		D051E49225FF9ED600D05DDE /* Assets.xcassets in Resources */ = {isa = PBXBuildFile; fileRef = D051E49125FF9ED600D05DDE /* Assets.xcassets */; };
		D051E49525FF9ED600D05DDE /* LaunchScreen.storyboard in Resources */ = {isa = PBXBuildFile; fileRef = D051E49325FF9ED600D05DDE /* LaunchScreen.storyboard */; };
		D09430B42600D6E900149266 /* SignUpViewController.swift in Sources */ = {isa = PBXBuildFile; fileRef = D09430B32600D6E900149266 /* SignUpViewController.swift */; };
		D09430B72600D6FC00149266 /* LoginViewController.swift in Sources */ = {isa = PBXBuildFile; fileRef = D09430B62600D6FC00149266 /* LoginViewController.swift */; };
		D09430BA2600D72C00149266 /* HomeViewController.swift in Sources */ = {isa = PBXBuildFile; fileRef = D09430B92600D72C00149266 /* HomeViewController.swift */; };
		D09C5E5B26029971009A3FF2 /* Utilities.swift in Sources */ = {isa = PBXBuildFile; fileRef = D09C5E5A26029971009A3FF2 /* Utilities.swift */; };
		D0CBCBF12603D5CB002C55EC /* Home2ViewController.swift in Sources */ = {isa = PBXBuildFile; fileRef = D0CBCBF02603D5CB002C55EC /* Home2ViewController.swift */; };
		D0E5AF092608ECD6003002A1 /* GoogleService-Info.plist in Resources */ = {isa = PBXBuildFile; fileRef = D0E5AF082608ECD6003002A1 /* GoogleService-Info.plist */; };
		D0E5AF1B26091614003002A1 /* Constants.swift in Sources */ = {isa = PBXBuildFile; fileRef = D0E5AF1A26091614003002A1 /* Constants.swift */; };
/* End PBXBuildFile section */

/* Begin PBXFileReference section */
		1460501B12E60A2736538FF3 /* Pods-DiabetApp.debug.xcconfig */ = {isa = PBXFileReference; includeInIndex = 1; lastKnownFileType = text.xcconfig; name = "Pods-DiabetApp.debug.xcconfig"; path = "Target Support Files/Pods-DiabetApp/Pods-DiabetApp.debug.xcconfig"; sourceTree = "<group>"; };
		44DBBC9BA2D13FB69B95AF75 /* Pods-DiabetApp.release.xcconfig */ = {isa = PBXFileReference; includeInIndex = 1; lastKnownFileType = text.xcconfig; name = "Pods-DiabetApp.release.xcconfig"; path = "Target Support Files/Pods-DiabetApp/Pods-DiabetApp.release.xcconfig"; sourceTree = "<group>"; };
		D051E48525FF9ED200D05DDE /* DiabetApp.app */ = {isa = PBXFileReference; explicitFileType = wrapper.application; includeInIndex = 0; path = DiabetApp.app; sourceTree = BUILT_PRODUCTS_DIR; };
		D051E48825FF9ED200D05DDE /* AppDelegate.swift */ = {isa = PBXFileReference; lastKnownFileType = sourcecode.swift; path = AppDelegate.swift; sourceTree = "<group>"; };
		D051E48A25FF9ED200D05DDE /* SceneDelegate.swift */ = {isa = PBXFileReference; lastKnownFileType = sourcecode.swift; path = SceneDelegate.swift; sourceTree = "<group>"; };
		D051E48C25FF9ED200D05DDE /* ViewController.swift */ = {isa = PBXFileReference; lastKnownFileType = sourcecode.swift; path = ViewController.swift; sourceTree = "<group>"; };
		D051E48F25FF9ED200D05DDE /* Base */ = {isa = PBXFileReference; lastKnownFileType = file.storyboard; name = Base; path = Base.lproj/Main.storyboard; sourceTree = "<group>"; };
		D051E49125FF9ED600D05DDE /* Assets.xcassets */ = {isa = PBXFileReference; lastKnownFileType = folder.assetcatalog; path = Assets.xcassets; sourceTree = "<group>"; };
		D051E49425FF9ED600D05DDE /* Base */ = {isa = PBXFileReference; lastKnownFileType = file.storyboard; name = Base; path = Base.lproj/LaunchScreen.storyboard; sourceTree = "<group>"; };
		D051E49625FF9ED600D05DDE /* Info.plist */ = {isa = PBXFileReference; lastKnownFileType = text.plist.xml; path = Info.plist; sourceTree = "<group>"; };
		D09430B32600D6E900149266 /* SignUpViewController.swift */ = {isa = PBXFileReference; lastKnownFileType = sourcecode.swift; path = SignUpViewController.swift; sourceTree = "<group>"; };
		D09430B62600D6FC00149266 /* LoginViewController.swift */ = {isa = PBXFileReference; lastKnownFileType = sourcecode.swift; path = LoginViewController.swift; sourceTree = "<group>"; };
		D09430B92600D72C00149266 /* HomeViewController.swift */ = {isa = PBXFileReference; lastKnownFileType = sourcecode.swift; path = HomeViewController.swift; sourceTree = "<group>"; };
		D09C5E5A26029971009A3FF2 /* Utilities.swift */ = {isa = PBXFileReference; fileEncoding = 4; lastKnownFileType = sourcecode.swift; path = Utilities.swift; sourceTree = "<group>"; };
		D0CBCBF02603D5CB002C55EC /* Home2ViewController.swift */ = {isa = PBXFileReference; lastKnownFileType = sourcecode.swift; path = Home2ViewController.swift; sourceTree = "<group>"; };
		D0E5AF082608ECD6003002A1 /* GoogleService-Info.plist */ = {isa = PBXFileReference; fileEncoding = 4; lastKnownFileType = text.plist.xml; path = "GoogleService-Info.plist"; sourceTree = "<group>"; };
		D0E5AF1A26091614003002A1 /* Constants.swift */ = {isa = PBXFileReference; lastKnownFileType = sourcecode.swift; path = Constants.swift; sourceTree = "<group>"; };
		FE66A95451F486192FA11D62 /* Pods_DiabetApp.framework */ = {isa = PBXFileReference; explicitFileType = wrapper.framework; includeInIndex = 0; path = Pods_DiabetApp.framework; sourceTree = BUILT_PRODUCTS_DIR; };
/* End PBXFileReference section */

/* Begin PBXFrameworksBuildPhase section */
		D051E48225FF9ED200D05DDE /* Frameworks */ = {
			isa = PBXFrameworksBuildPhase;
			buildActionMask = 2147483647;
			files = (
				571B7451E3F83D88817C8D86 /* Pods_DiabetApp.framework in Frameworks */,
			);
			runOnlyForDeploymentPostprocessing = 0;
		};
/* End PBXFrameworksBuildPhase section */

/* Begin PBXGroup section */
		760F0FAC56FB86BD5D9C20FF /* Pods */ = {
			isa = PBXGroup;
			children = (
				1460501B12E60A2736538FF3 /* Pods-DiabetApp.debug.xcconfig */,
				44DBBC9BA2D13FB69B95AF75 /* Pods-DiabetApp.release.xcconfig */,
			);
			path = Pods;
			sourceTree = "<group>";
		};
		D051E47C25FF9ED200D05DDE = {
			isa = PBXGroup;
			children = (
				D051E48725FF9ED200D05DDE /* DiabetApp */,
				D051E48625FF9ED200D05DDE /* Products */,
				760F0FAC56FB86BD5D9C20FF /* Pods */,
				FF89200D558FA80CF88611C8 /* Frameworks */,
			);
			sourceTree = "<group>";
		};
		D051E48625FF9ED200D05DDE /* Products */ = {
			isa = PBXGroup;
			children = (
				D051E48525FF9ED200D05DDE /* DiabetApp.app */,
			);
			name = Products;
			sourceTree = "<group>";
		};
		D051E48725FF9ED200D05DDE /* DiabetApp */ = {
			isa = PBXGroup;
			children = (
				D051E48825FF9ED200D05DDE /* AppDelegate.swift */,
				D051E48A25FF9ED200D05DDE /* SceneDelegate.swift */,
				D051E48C25FF9ED200D05DDE /* ViewController.swift */,
				D09C5E5A26029971009A3FF2 /* Utilities.swift */,
				D051E48E25FF9ED200D05DDE /* Main.storyboard */,
				D051E49125FF9ED600D05DDE /* Assets.xcassets */,
				D051E49325FF9ED600D05DDE /* LaunchScreen.storyboard */,
				D0E5AF082608ECD6003002A1 /* GoogleService-Info.plist */,
				D051E49625FF9ED600D05DDE /* Info.plist */,
				D09430B32600D6E900149266 /* SignUpViewController.swift */,
				D09430B62600D6FC00149266 /* LoginViewController.swift */,
				D09430B92600D72C00149266 /* HomeViewController.swift */,
				D0CBCBF02603D5CB002C55EC /* Home2ViewController.swift */,
				D0E5AF1A26091614003002A1 /* Constants.swift */,
			);
			path = DiabetApp;
			sourceTree = "<group>";
		};
		FF89200D558FA80CF88611C8 /* Frameworks */ = {
			isa = PBXGroup;
			children = (
				FE66A95451F486192FA11D62 /* Pods_DiabetApp.framework */,
			);
			name = Frameworks;
			sourceTree = "<group>";
		};
/* End PBXGroup section */

/* Begin PBXNativeTarget section */
		D051E48425FF9ED200D05DDE /* DiabetApp */ = {
			isa = PBXNativeTarget;
			buildConfigurationList = D051E49925FF9ED600D05DDE /* Build configuration list for PBXNativeTarget "DiabetApp" */;
			buildPhases = (
				7216F9F3A55C62F75BDA81EA /* [CP] Check Pods Manifest.lock */,
				D051E48125FF9ED200D05DDE /* Sources */,
				D051E48225FF9ED200D05DDE /* Frameworks */,
				D051E48325FF9ED200D05DDE /* Resources */,
				FD9AFDD81174CAFE4AFA7637 /* [CP] Embed Pods Frameworks */,
			);
			buildRules = (
			);
			dependencies = (
			);
			name = DiabetApp;
			productName = DiabetApp;
			productReference = D051E48525FF9ED200D05DDE /* DiabetApp.app */;
			productType = "com.apple.product-type.application";
		};
/* End PBXNativeTarget section */

/* Begin PBXProject section */
		D051E47D25FF9ED200D05DDE /* Project object */ = {
			isa = PBXProject;
			attributes = {
				LastSwiftUpdateCheck = 1240;
				LastUpgradeCheck = 1240;
				TargetAttributes = {
					D051E48425FF9ED200D05DDE = {
						CreatedOnToolsVersion = 12.4;
					};
				};
			};
			buildConfigurationList = D051E48025FF9ED200D05DDE /* Build configuration list for PBXProject "DiabetApp" */;
			compatibilityVersion = "Xcode 9.3";
			developmentRegion = en;
			hasScannedForEncodings = 0;
			knownRegions = (
				en,
				Base,
			);
			mainGroup = D051E47C25FF9ED200D05DDE;
			productRefGroup = D051E48625FF9ED200D05DDE /* Products */;
			projectDirPath = "";
			projectRoot = "";
			targets = (
				D051E48425FF9ED200D05DDE /* DiabetApp */,
			);
		};
/* End PBXProject section */

/* Begin PBXResourcesBuildPhase section */
		D051E48325FF9ED200D05DDE /* Resources */ = {
			isa = PBXResourcesBuildPhase;
			buildActionMask = 2147483647;
			files = (
				D051E49525FF9ED600D05DDE /* LaunchScreen.storyboard in Resources */,
				D0E5AF092608ECD6003002A1 /* GoogleService-Info.plist in Resources */,
				D051E49225FF9ED600D05DDE /* Assets.xcassets in Resources */,
				D051E49025FF9ED200D05DDE /* Main.storyboard in Resources */,
			);
			runOnlyForDeploymentPostprocessing = 0;
		};
/* End PBXResourcesBuildPhase section */

/* Begin PBXShellScriptBuildPhase section */
		7216F9F3A55C62F75BDA81EA /* [CP] Check Pods Manifest.lock */ = {
			isa = PBXShellScriptBuildPhase;
			buildActionMask = 2147483647;
			files = (
			);
			inputFileListPaths = (
			);
			inputPaths = (
				"${PODS_PODFILE_DIR_PATH}/Podfile.lock",
				"${PODS_ROOT}/Manifest.lock",
			);
			name = "[CP] Check Pods Manifest.lock";
			outputFileListPaths = (
			);
			outputPaths = (
				"$(DERIVED_FILE_DIR)/Pods-DiabetApp-checkManifestLockResult.txt",
			);
			runOnlyForDeploymentPostprocessing = 0;
			shellPath = /bin/sh;
			shellScript = "diff \"${PODS_PODFILE_DIR_PATH}/Podfile.lock\" \"${PODS_ROOT}/Manifest.lock\" > /dev/null\nif [ $? != 0 ] ; then\n    # print error to STDERR\n    echo \"error: The sandbox is not in sync with the Podfile.lock. Run 'pod install' or update your CocoaPods installation.\" >&2\n    exit 1\nfi\n# This output is used by Xcode 'outputs' to avoid re-running this script phase.\necho \"SUCCESS\" > \"${SCRIPT_OUTPUT_FILE_0}\"\n";
			showEnvVarsInLog = 0;
		};
		FD9AFDD81174CAFE4AFA7637 /* [CP] Embed Pods Frameworks */ = {
			isa = PBXShellScriptBuildPhase;
			buildActionMask = 2147483647;
			files = (
			);
			inputFileListPaths = (
				"${PODS_ROOT}/Target Support Files/Pods-DiabetApp/Pods-DiabetApp-frameworks-${CONFIGURATION}-input-files.xcfilelist",
			);
			name = "[CP] Embed Pods Frameworks";
			outputFileListPaths = (
				"${PODS_ROOT}/Target Support Files/Pods-DiabetApp/Pods-DiabetApp-frameworks-${CONFIGURATION}-output-files.xcfilelist",
			);
			runOnlyForDeploymentPostprocessing = 0;
			shellPath = /bin/sh;
			shellScript = "\"${PODS_ROOT}/Target Support Files/Pods-DiabetApp/Pods-DiabetApp-frameworks.sh\"\n";
			showEnvVarsInLog = 0;
		};
/* End PBXShellScriptBuildPhase section */

/* Begin PBXSourcesBuildPhase section */
		D051E48125FF9ED200D05DDE /* Sources */ = {
			isa = PBXSourcesBuildPhase;
			buildActionMask = 2147483647;
			files = (
				D051E48D25FF9ED200D05DDE /* ViewController.swift in Sources */,
				D051E48925FF9ED200D05DDE /* AppDelegate.swift in Sources */,
				D09C5E5B26029971009A3FF2 /* Utilities.swift in Sources */,
				D09430B42600D6E900149266 /* SignUpViewController.swift in Sources */,
				D09430B72600D6FC00149266 /* LoginViewController.swift in Sources */,
				D051E48B25FF9ED200D05DDE /* SceneDelegate.swift in Sources */,
				D0CBCBF12603D5CB002C55EC /* Home2ViewController.swift in Sources */,
				D09430BA2600D72C00149266 /* HomeViewController.swift in Sources */,
				D0E5AF1B26091614003002A1 /* Constants.swift in Sources */,
			);
			runOnlyForDeploymentPostprocessing = 0;
		};
/* End PBXSourcesBuildPhase section */

/* Begin PBXVariantGroup section */
		D051E48E25FF9ED200D05DDE /* Main.storyboard */ = {
			isa = PBXVariantGroup;
			children = (
				D051E48F25FF9ED200D05DDE /* Base */,
			);
			name = Main.storyboard;
			sourceTree = "<group>";
		};
		D051E49325FF9ED600D05DDE /* LaunchScreen.storyboard */ = {
			isa = PBXVariantGroup;
			children = (
				D051E49425FF9ED600D05DDE /* Base */,
			);
			name = LaunchScreen.storyboard;
			sourceTree = "<group>";
		};
/* End PBXVariantGroup section */

/* Begin XCBuildConfiguration section */
		D051E49725FF9ED600D05DDE /* Debug */ = {
			isa = XCBuildConfiguration;
			buildSettings = {
				ALWAYS_SEARCH_USER_PATHS = NO;
				CLANG_ANALYZER_NONNULL = YES;
				CLANG_ANALYZER_NUMBER_OBJECT_CONVERSION = YES_AGGRESSIVE;
				CLANG_CXX_LANGUAGE_STANDARD = "gnu++14";
				CLANG_CXX_LIBRARY = "libc++";
				CLANG_ENABLE_MODULES = YES;
				CLANG_ENABLE_OBJC_ARC = YES;
				CLANG_ENABLE_OBJC_WEAK = YES;
				CLANG_WARN_BLOCK_CAPTURE_AUTORELEASING = YES;
				CLANG_WARN_BOOL_CONVERSION = YES;
				CLANG_WARN_COMMA = YES;
				CLANG_WARN_CONSTANT_CONVERSION = YES;
				CLANG_WARN_DEPRECATED_OBJC_IMPLEMENTATIONS = YES;
				CLANG_WARN_DIRECT_OBJC_ISA_USAGE = YES_ERROR;
				CLANG_WARN_DOCUMENTATION_COMMENTS = YES;
				CLANG_WARN_EMPTY_BODY = YES;
				CLANG_WARN_ENUM_CONVERSION = YES;
				CLANG_WARN_INFINITE_RECURSION = YES;
				CLANG_WARN_INT_CONVERSION = YES;
				CLANG_WARN_NON_LITERAL_NULL_CONVERSION = YES;
				CLANG_WARN_OBJC_IMPLICIT_RETAIN_SELF = YES;
				CLANG_WARN_OBJC_LITERAL_CONVERSION = YES;
				CLANG_WARN_OBJC_ROOT_CLASS = YES_ERROR;
				CLANG_WARN_QUOTED_INCLUDE_IN_FRAMEWORK_HEADER = YES;
				CLANG_WARN_RANGE_LOOP_ANALYSIS = YES;
				CLANG_WARN_STRICT_PROTOTYPES = YES;
				CLANG_WARN_SUSPICIOUS_MOVE = YES;
				CLANG_WARN_UNGUARDED_AVAILABILITY = YES_AGGRESSIVE;
				CLANG_WARN_UNREACHABLE_CODE = YES;
				CLANG_WARN__DUPLICATE_METHOD_MATCH = YES;
				COPY_PHASE_STRIP = NO;
				DEBUG_INFORMATION_FORMAT = dwarf;
				ENABLE_STRICT_OBJC_MSGSEND = YES;
				ENABLE_TESTABILITY = YES;
				GCC_C_LANGUAGE_STANDARD = gnu11;
				GCC_DYNAMIC_NO_PIC = NO;
				GCC_NO_COMMON_BLOCKS = YES;
				GCC_OPTIMIZATION_LEVEL = 0;
				GCC_PREPROCESSOR_DEFINITIONS = (
					"DEBUG=1",
					"$(inherited)",
				);
				GCC_WARN_64_TO_32_BIT_CONVERSION = YES;
				GCC_WARN_ABOUT_RETURN_TYPE = YES_ERROR;
				GCC_WARN_UNDECLARED_SELECTOR = YES;
				GCC_WARN_UNINITIALIZED_AUTOS = YES_AGGRESSIVE;
				GCC_WARN_UNUSED_FUNCTION = YES;
				GCC_WARN_UNUSED_VARIABLE = YES;
				IPHONEOS_DEPLOYMENT_TARGET = 14.4;
				MTL_ENABLE_DEBUG_INFO = INCLUDE_SOURCE;
				MTL_FAST_MATH = YES;
				ONLY_ACTIVE_ARCH = YES;
				SDKROOT = iphoneos;
				SWIFT_ACTIVE_COMPILATION_CONDITIONS = DEBUG;
				SWIFT_OPTIMIZATION_LEVEL = "-Onone";
			};
			name = Debug;
		};
		D051E49825FF9ED600D05DDE /* Release */ = {
			isa = XCBuildConfiguration;
			buildSettings = {
				ALWAYS_SEARCH_USER_PATHS = NO;
				CLANG_ANALYZER_NONNULL = YES;
				CLANG_ANALYZER_NUMBER_OBJECT_CONVERSION = YES_AGGRESSIVE;
				CLANG_CXX_LANGUAGE_STANDARD = "gnu++14";
				CLANG_CXX_LIBRARY = "libc++";
				CLANG_ENABLE_MODULES = YES;
				CLANG_ENABLE_OBJC_ARC = YES;
				CLANG_ENABLE_OBJC_WEAK = YES;
				CLANG_WARN_BLOCK_CAPTURE_AUTORELEASING = YES;
				CLANG_WARN_BOOL_CONVERSION = YES;
				CLANG_WARN_COMMA = YES;
				CLANG_WARN_CONSTANT_CONVERSION = YES;
				CLANG_WARN_DEPRECATED_OBJC_IMPLEMENTATIONS = YES;
				CLANG_WARN_DIRECT_OBJC_ISA_USAGE = YES_ERROR;
				CLANG_WARN_DOCUMENTATION_COMMENTS = YES;
				CLANG_WARN_EMPTY_BODY = YES;
				CLANG_WARN_ENUM_CONVERSION = YES;
				CLANG_WARN_INFINITE_RECURSION = YES;
				CLANG_WARN_INT_CONVERSION = YES;
				CLANG_WARN_NON_LITERAL_NULL_CONVERSION = YES;
				CLANG_WARN_OBJC_IMPLICIT_RETAIN_SELF = YES;
				CLANG_WARN_OBJC_LITERAL_CONVERSION = YES;
				CLANG_WARN_OBJC_ROOT_CLASS = YES_ERROR;
				CLANG_WARN_QUOTED_INCLUDE_IN_FRAMEWORK_HEADER = YES;
				CLANG_WARN_RANGE_LOOP_ANALYSIS = YES;
				CLANG_WARN_STRICT_PROTOTYPES = YES;
				CLANG_WARN_SUSPICIOUS_MOVE = YES;
				CLANG_WARN_UNGUARDED_AVAILABILITY = YES_AGGRESSIVE;
				CLANG_WARN_UNREACHABLE_CODE = YES;
				CLANG_WARN__DUPLICATE_METHOD_MATCH = YES;
				COPY_PHASE_STRIP = NO;
				DEBUG_INFORMATION_FORMAT = "dwarf-with-dsym";
				ENABLE_NS_ASSERTIONS = NO;
				ENABLE_STRICT_OBJC_MSGSEND = YES;
				GCC_C_LANGUAGE_STANDARD = gnu11;
				GCC_NO_COMMON_BLOCKS = YES;
				GCC_WARN_64_TO_32_BIT_CONVERSION = YES;
				GCC_WARN_ABOUT_RETURN_TYPE = YES_ERROR;
				GCC_WARN_UNDECLARED_SELECTOR = YES;
				GCC_WARN_UNINITIALIZED_AUTOS = YES_AGGRESSIVE;
				GCC_WARN_UNUSED_FUNCTION = YES;
				GCC_WARN_UNUSED_VARIABLE = YES;
				IPHONEOS_DEPLOYMENT_TARGET = 14.4;
				MTL_ENABLE_DEBUG_INFO = NO;
				MTL_FAST_MATH = YES;
				SDKROOT = iphoneos;
				SWIFT_COMPILATION_MODE = wholemodule;
				SWIFT_OPTIMIZATION_LEVEL = "-O";
				VALIDATE_PRODUCT = YES;
			};
			name = Release;
		};
		D051E49A25FF9ED600D05DDE /* Debug */ = {
			isa = XCBuildConfiguration;
			baseConfigurationReference = 1460501B12E60A2736538FF3 /* Pods-DiabetApp.debug.xcconfig */;
			buildSettings = {
				ASSETCATALOG_COMPILER_APPICON_NAME = AppIcon;
				ASSETCATALOG_COMPILER_GLOBAL_ACCENT_COLOR_NAME = AccentColor;
				CODE_SIGN_STYLE = Automatic;
				DEVELOPMENT_TEAM = KUXY34XY8A;
				INFOPLIST_FILE = DiabetApp/Info.plist;
				LD_RUNPATH_SEARCH_PATHS = (
					"$(inherited)",
					"@executable_path/Frameworks",
				);
				PRODUCT_BUNDLE_IDENTIFIER = com.akerkemyrzakhan.DiabetApp;
				PRODUCT_NAME = "$(TARGET_NAME)";
				SWIFT_VERSION = 5.0;
				TARGETED_DEVICE_FAMILY = "1,2";
			};
			name = Debug;
		};
		D051E49B25FF9ED600D05DDE /* Release */ = {
			isa = XCBuildConfiguration;
			baseConfigurationReference = 44DBBC9BA2D13FB69B95AF75 /* Pods-DiabetApp.release.xcconfig */;
			buildSettings = {
				ASSETCATALOG_COMPILER_APPICON_NAME = AppIcon;
				ASSETCATALOG_COMPILER_GLOBAL_ACCENT_COLOR_NAME = AccentColor;
				CODE_SIGN_STYLE = Automatic;
				DEVELOPMENT_TEAM = KUXY34XY8A;
				INFOPLIST_FILE = DiabetApp/Info.plist;
				LD_RUNPATH_SEARCH_PATHS = (
					"$(inherited)",
					"@executable_path/Frameworks",
				);
				PRODUCT_BUNDLE_IDENTIFIER = com.akerkemyrzakhan.DiabetApp;
				PRODUCT_NAME = "$(TARGET_NAME)";
				SWIFT_VERSION = 5.0;
				TARGETED_DEVICE_FAMILY = "1,2";
			};
			name = Release;
		};
/* End XCBuildConfiguration section */

/* Begin XCConfigurationList section */
		D051E48025FF9ED200D05DDE /* Build configuration list for PBXProject "DiabetApp" */ = {
			isa = XCConfigurationList;
			buildConfigurations = (
				D051E49725FF9ED600D05DDE /* Debug */,
				D051E49825FF9ED600D05DDE /* Release */,
			);
			defaultConfigurationIsVisible = 0;
			defaultConfigurationName = Release;
		};
		D051E49925FF9ED600D05DDE /* Build configuration list for PBXNativeTarget "DiabetApp" */ = {
			isa = XCConfigurationList;
			buildConfigurations = (
				D051E49A25FF9ED600D05DDE /* Debug */,
				D051E49B25FF9ED600D05DDE /* Release */,
			);
			defaultConfigurationIsVisible = 0;
			defaultConfigurationName = Release;
		};
/* End XCConfigurationList section */
	};
	rootObject = D051E47D25FF9ED200D05DDE /* Project object */;
}
